// !$*UTF8*$!
{
	archiveVersion = 1;
	classes = {
	};
	objectVersion = 46;
	objects = {

/* Begin PBXBuildFile section */
		FB71FB3B1B751DA60098650D /* MathController.m in Sources */ = {isa = PBXBuildFile; fileRef = FB71FB3A1B751DA60098650D /* MathController.m */; };
		FB71FB3E1B7555A00098650D /* Run.m in Sources */ = {isa = PBXBuildFile; fileRef = FB71FB3D1B7555A00098650D /* Run.m */; };
		FB71FB411B75C4880098650D /* MultiColorPolyline.m in Sources */ = {isa = PBXBuildFile; fileRef = FB71FB401B75C4880098650D /* MultiColorPolyline.m */; };
		FBEE6AFD1B6BFDC90030A2A3 /* main.m in Sources */ = {isa = PBXBuildFile; fileRef = FBEE6AFC1B6BFDC90030A2A3 /* main.m */; };
		FBEE6B001B6BFDC90030A2A3 /* AppDelegate.m in Sources */ = {isa = PBXBuildFile; fileRef = FBEE6AFF1B6BFDC90030A2A3 /* AppDelegate.m */; };
		FBEE6B031B6BFDC90030A2A3 /* MoonRunner.xcdatamodeld in Sources */ = {isa = PBXBuildFile; fileRef = FBEE6B011B6BFDC90030A2A3 /* MoonRunner.xcdatamodeld */; };
		FBEE6B0C1B6BFDC90030A2A3 /* Main.storyboard in Resources */ = {isa = PBXBuildFile; fileRef = FBEE6B0A1B6BFDC90030A2A3 /* Main.storyboard */; };
		FBEE6B0E1B6BFDC90030A2A3 /* Images.xcassets in Resources */ = {isa = PBXBuildFile; fileRef = FBEE6B0D1B6BFDC90030A2A3 /* Images.xcassets */; };
		FBEE6B111B6BFDC90030A2A3 /* LaunchScreen.xib in Resources */ = {isa = PBXBuildFile; fileRef = FBEE6B0F1B6BFDC90030A2A3 /* LaunchScreen.xib */; };
		FBEE6B1D1B6BFDC90030A2A3 /* MoonRunnerTests.m in Sources */ = {isa = PBXBuildFile; fileRef = FBEE6B1C1B6BFDC90030A2A3 /* MoonRunnerTests.m */; };
		FBEE6B2B1B6BFF0E0030A2A3 /* Location.m in Sources */ = {isa = PBXBuildFile; fileRef = FBEE6B2A1B6BFF0E0030A2A3 /* Location.m */; };
		FBEE6B2D1B6BFF860030A2A3 /* MapKit.framework in Frameworks */ = {isa = PBXBuildFile; fileRef = FBEE6B2C1B6BFF860030A2A3 /* MapKit.framework */; };
		FBEE6B591B6C00CE0030A2A3 /* ariel.jpg in Resources */ = {isa = PBXBuildFile; fileRef = FBEE6B2E1B6C00CE0030A2A3 /* ariel.jpg */; };
		FBEE6B5A1B6C00CE0030A2A3 /* asteroid_belt.png in Resources */ = {isa = PBXBuildFile; fileRef = FBEE6B2F1B6C00CE0030A2A3 /* asteroid_belt.png */; };
		FBEE6B5B1B6C00CE0030A2A3 /* atmosphere.jpg in Resources */ = {isa = PBXBuildFile; fileRef = FBEE6B301B6C00CE0030A2A3 /* atmosphere.jpg */; };
		FBEE6B5C1B6C00CE0030A2A3 /* badges.txt in Resources */ = {isa = PBXBuildFile; fileRef = FBEE6B311B6C00CE0030A2A3 /* badges.txt */; };
		FBEE6B5D1B6C00CE0030A2A3 /* blue-btn.png in Resources */ = {isa = PBXBuildFile; fileRef = FBEE6B321B6C00CE0030A2A3 /* blue-btn.png */; };
		FBEE6B5E1B6C00CE0030A2A3 /* callisto.jpg in Resources */ = {isa = PBXBuildFile; fileRef = FBEE6B331B6C00CE0030A2A3 /* callisto.jpg */; };
		FBEE6B5F1B6C00CE0030A2A3 /* ceres.jpg in Resources */ = {isa = PBXBuildFile; fileRef = FBEE6B341B6C00CE0030A2A3 /* ceres.jpg */; };
		FBEE6B601B6C00CE0030A2A3 /* Default-568h@2x.png in Resources */ = {isa = PBXBuildFile; fileRef = FBEE6B351B6C00CE0030A2A3 /* Default-568h@2x.png */; };
		FBEE6B611B6C00CE0030A2A3 /* deimos.jpg in Resources */ = {isa = PBXBuildFile; fileRef = FBEE6B361B6C00CE0030A2A3 /* deimos.jpg */; };
		FBEE6B621B6C00CE0030A2A3 /* dione.jpg in Resources */ = {isa = PBXBuildFile; fileRef = FBEE6B371B6C00CE0030A2A3 /* dione.jpg */; };
		FBEE6B631B6C00CE0030A2A3 /* earth.jpg in Resources */ = {isa = PBXBuildFile; fileRef = FBEE6B381B6C00CE0030A2A3 /* earth.jpg */; };
		FBEE6B641B6C00CE0030A2A3 /* enceladus.jpg in Resources */ = {isa = PBXBuildFile; fileRef = FBEE6B391B6C00CE0030A2A3 /* enceladus.jpg */; };
		FBEE6B651B6C00CE0030A2A3 /* europa.jpg in Resources */ = {isa = PBXBuildFile; fileRef = FBEE6B3A1B6C00CE0030A2A3 /* europa.jpg */; };
		FBEE6B661B6C00CE0030A2A3 /* ganymede.jpg in Resources */ = {isa = PBXBuildFile; fileRef = FBEE6B3B1B6C00CE0030A2A3 /* ganymede.jpg */; };
		FBEE6B671B6C00CE0030A2A3 /* green-btn.png in Resources */ = {isa = PBXBuildFile; fileRef = FBEE6B3C1B6C00CE0030A2A3 /* green-btn.png */; };
		FBEE6B681B6C00CE0030A2A3 /* iapetus.jpg in Resources */ = {isa = PBXBuildFile; fileRef = FBEE6B3D1B6C00CE0030A2A3 /* iapetus.jpg */; };
		FBEE6B691B6C00CE0030A2A3 /* Icon-App.png in Resources */ = {isa = PBXBuildFile; fileRef = FBEE6B3E1B6C00CE0030A2A3 /* Icon-App.png */; };
		FBEE6B6A1B6C00CE0030A2A3 /* Icon-Settings.png in Resources */ = {isa = PBXBuildFile; fileRef = FBEE6B3F1B6C00CE0030A2A3 /* Icon-Settings.png */; };
		FBEE6B6B1B6C00CE0030A2A3 /* Icon-Spotlight.png in Resources */ = {isa = PBXBuildFile; fileRef = FBEE6B401B6C00CE0030A2A3 /* Icon-Spotlight.png */; };
		FBEE6B6C1B6C00CE0030A2A3 /* info@2x.png in Resources */ = {isa = PBXBuildFile; fileRef = FBEE6B411B6C00CE0030A2A3 /* info@2x.png */; };
		FBEE6B6D1B6C00CE0030A2A3 /* interstellar_space.jpg in Resources */ = {isa = PBXBuildFile; fileRef = FBEE6B421B6C00CE0030A2A3 /* interstellar_space.jpg */; };
		FBEE6B6E1B6C00CE0030A2A3 /* io.jpg in Resources */ = {isa = PBXBuildFile; fileRef = FBEE6B431B6C00CE0030A2A3 /* io.jpg */; };
		FBEE6B6F1B6C00CE0030A2A3 /* kuiper_belt.png in Resources */ = {isa = PBXBuildFile; fileRef = FBEE6B441B6C00CE0030A2A3 /* kuiper_belt.png */; };
		FBEE6B701B6C00CE0030A2A3 /* magnetotail.png in Resources */ = {isa = PBXBuildFile; fileRef = FBEE6B451B6C00CE0030A2A3 /* magnetotail.png */; };
		FBEE6B711B6C00CE0030A2A3 /* mapPin@2x.png in Resources */ = {isa = PBXBuildFile; fileRef = FBEE6B461B6C00CE0030A2A3 /* mapPin@2x.png */; };
		FBEE6B721B6C00CE0030A2A3 /* mars.jpg in Resources */ = {isa = PBXBuildFile; fileRef = FBEE6B471B6C00CE0030A2A3 /* mars.jpg */; };
		FBEE6B731B6C00CE0030A2A3 /* mimas.jpg in Resources */ = {isa = PBXBuildFile; fileRef = FBEE6B481B6C00CE0030A2A3 /* mimas.jpg */; };
		FBEE6B741B6C00CE0030A2A3 /* miranda.jpg in Resources */ = {isa = PBXBuildFile; fileRef = FBEE6B491B6C00CE0030A2A3 /* miranda.jpg */; };
		FBEE6B751B6C00CE0030A2A3 /* moon.jpg in Resources */ = {isa = PBXBuildFile; fileRef = FBEE6B4A1B6C00CE0030A2A3 /* moon.jpg */; };
		FBEE6B761B6C00CE0030A2A3 /* oberon.jpg in Resources */ = {isa = PBXBuildFile; fileRef = FBEE6B4B1B6C00CE0030A2A3 /* oberon.jpg */; };
		FBEE6B771B6C00CE0030A2A3 /* phobos.jpg in Resources */ = {isa = PBXBuildFile; fileRef = FBEE6B4C1B6C00CE0030A2A3 /* phobos.jpg */; };
		FBEE6B781B6C00CE0030A2A3 /* pluto.jpg in Resources */ = {isa = PBXBuildFile; fileRef = FBEE6B4D1B6C00CE0030A2A3 /* pluto.jpg */; };
		FBEE6B791B6C00CE0030A2A3 /* red-btn.png in Resources */ = {isa = PBXBuildFile; fileRef = FBEE6B4E1B6C00CE0030A2A3 /* red-btn.png */; };
		FBEE6B7A1B6C00CE0030A2A3 /* rhea.jpg in Resources */ = {isa = PBXBuildFile; fileRef = FBEE6B4F1B6C00CE0030A2A3 /* rhea.jpg */; };
		FBEE6B7B1B6C00CE0030A2A3 /* saturn.jpg in Resources */ = {isa = PBXBuildFile; fileRef = FBEE6B501B6C00CE0030A2A3 /* saturn.jpg */; };
		FBEE6B7C1B6C00CE0030A2A3 /* spaceship-gold.png in Resources */ = {isa = PBXBuildFile; fileRef = FBEE6B511B6C00CE0030A2A3 /* spaceship-gold.png */; };
		FBEE6B7D1B6C00CE0030A2A3 /* spaceship-silver.png in Resources */ = {isa = PBXBuildFile; fileRef = FBEE6B521B6C00CE0030A2A3 /* spaceship-silver.png */; };
		FBEE6B7E1B6C00CE0030A2A3 /* success.wav in Resources */ = {isa = PBXBuildFile; fileRef = FBEE6B531B6C00CE0030A2A3 /* success.wav */; };
		FBEE6B7F1B6C00CE0030A2A3 /* tethys.jpg in Resources */ = {isa = PBXBuildFile; fileRef = FBEE6B541B6C00CE0030A2A3 /* tethys.jpg */; };
		FBEE6B801B6C00CE0030A2A3 /* titan.jpg in Resources */ = {isa = PBXBuildFile; fileRef = FBEE6B551B6C00CE0030A2A3 /* titan.jpg */; };
		FBEE6B811B6C00CE0030A2A3 /* titania.jpg in Resources */ = {isa = PBXBuildFile; fileRef = FBEE6B561B6C00CE0030A2A3 /* titania.jpg */; };
		FBEE6B821B6C00CE0030A2A3 /* triton.jpg in Resources */ = {isa = PBXBuildFile; fileRef = FBEE6B571B6C00CE0030A2A3 /* triton.jpg */; };
		FBEE6B831B6C00CE0030A2A3 /* umbriel.jpg in Resources */ = {isa = PBXBuildFile; fileRef = FBEE6B581B6C00CE0030A2A3 /* umbriel.jpg */; };
		FBEE6B861B6C0B830030A2A3 /* HomeViewController.m in Sources */ = {isa = PBXBuildFile; fileRef = FBEE6B851B6C0B830030A2A3 /* HomeViewController.m */; };
		FBEE6B891B6C0BC10030A2A3 /* NewRunViewController.m in Sources */ = {isa = PBXBuildFile; fileRef = FBEE6B881B6C0BC10030A2A3 /* NewRunViewController.m */; };
		FBEE6B8C1B6C0C670030A2A3 /* MapDetailViewController.m in Sources */ = {isa = PBXBuildFile; fileRef = FBEE6B8B1B6C0C670030A2A3 /* MapDetailViewController.m */; };
/* End PBXBuildFile section */

/* Begin PBXContainerItemProxy section */
		FBEE6B171B6BFDC90030A2A3 /* PBXContainerItemProxy */ = {
			isa = PBXContainerItemProxy;
			containerPortal = FBEE6AEF1B6BFDC90030A2A3 /* Project object */;
			proxyType = 1;
			remoteGlobalIDString = FBEE6AF61B6BFDC90030A2A3;
			remoteInfo = MoonRunner;
		};
/* End PBXContainerItemProxy section */

/* Begin PBXFileReference section */
		FB71FB391B751DA60098650D /* MathController.h */ = {isa = PBXFileReference; fileEncoding = 4; lastKnownFileType = sourcecode.c.h; path = MathController.h; sourceTree = "<group>"; };
		FB71FB3A1B751DA60098650D /* MathController.m */ = {isa = PBXFileReference; fileEncoding = 4; lastKnownFileType = sourcecode.c.objc; path = MathController.m; sourceTree = "<group>"; };
		FB71FB3C1B7555A00098650D /* Run.h */ = {isa = PBXFileReference; fileEncoding = 4; lastKnownFileType = sourcecode.c.h; path = Run.h; sourceTree = "<group>"; };
		FB71FB3D1B7555A00098650D /* Run.m */ = {isa = PBXFileReference; fileEncoding = 4; lastKnownFileType = sourcecode.c.objc; path = Run.m; sourceTree = "<group>"; };
		FB71FB3F1B75C4880098650D /* MultiColorPolyline.h */ = {isa = PBXFileReference; fileEncoding = 4; lastKnownFileType = sourcecode.c.h; path = MultiColorPolyline.h; sourceTree = "<group>"; };
		FB71FB401B75C4880098650D /* MultiColorPolyline.m */ = {isa = PBXFileReference; fileEncoding = 4; lastKnownFileType = sourcecode.c.objc; path = MultiColorPolyline.m; sourceTree = "<group>"; };
		FBEE6AF71B6BFDC90030A2A3 /* MoonRunner.app */ = {isa = PBXFileReference; explicitFileType = wrapper.application; includeInIndex = 0; path = MoonRunner.app; sourceTree = BUILT_PRODUCTS_DIR; };
		FBEE6AFB1B6BFDC90030A2A3 /* Info.plist */ = {isa = PBXFileReference; lastKnownFileType = text.plist.xml; path = Info.plist; sourceTree = "<group>"; };
		FBEE6AFC1B6BFDC90030A2A3 /* main.m */ = {isa = PBXFileReference; lastKnownFileType = sourcecode.c.objc; path = main.m; sourceTree = "<group>"; };
		FBEE6AFE1B6BFDC90030A2A3 /* AppDelegate.h */ = {isa = PBXFileReference; lastKnownFileType = sourcecode.c.h; path = AppDelegate.h; sourceTree = "<group>"; };
		FBEE6AFF1B6BFDC90030A2A3 /* AppDelegate.m */ = {isa = PBXFileReference; lastKnownFileType = sourcecode.c.objc; path = AppDelegate.m; sourceTree = "<group>"; };
		FBEE6B021B6BFDC90030A2A3 /* MoonRunner.xcdatamodel */ = {isa = PBXFileReference; lastKnownFileType = wrapper.xcdatamodel; path = MoonRunner.xcdatamodel; sourceTree = "<group>"; };
		FBEE6B0B1B6BFDC90030A2A3 /* Base */ = {isa = PBXFileReference; lastKnownFileType = file.storyboard; name = Base; path = Base.lproj/Main.storyboard; sourceTree = "<group>"; };
		FBEE6B0D1B6BFDC90030A2A3 /* Images.xcassets */ = {isa = PBXFileReference; lastKnownFileType = folder.assetcatalog; path = Images.xcassets; sourceTree = "<group>"; };
		FBEE6B101B6BFDC90030A2A3 /* Base */ = {isa = PBXFileReference; lastKnownFileType = file.xib; name = Base; path = Base.lproj/LaunchScreen.xib; sourceTree = "<group>"; };
		FBEE6B161B6BFDC90030A2A3 /* MoonRunnerTests.xctest */ = {isa = PBXFileReference; explicitFileType = wrapper.cfbundle; includeInIndex = 0; path = MoonRunnerTests.xctest; sourceTree = BUILT_PRODUCTS_DIR; };
		FBEE6B1B1B6BFDC90030A2A3 /* Info.plist */ = {isa = PBXFileReference; lastKnownFileType = text.plist.xml; path = Info.plist; sourceTree = "<group>"; };
		FBEE6B1C1B6BFDC90030A2A3 /* MoonRunnerTests.m */ = {isa = PBXFileReference; lastKnownFileType = sourcecode.c.objc; path = MoonRunnerTests.m; sourceTree = "<group>"; };
		FBEE6B291B6BFF0E0030A2A3 /* Location.h */ = {isa = PBXFileReference; fileEncoding = 4; lastKnownFileType = sourcecode.c.h; path = Location.h; sourceTree = "<group>"; };
		FBEE6B2A1B6BFF0E0030A2A3 /* Location.m */ = {isa = PBXFileReference; fileEncoding = 4; lastKnownFileType = sourcecode.c.objc; path = Location.m; sourceTree = "<group>"; };
		FBEE6B2C1B6BFF860030A2A3 /* MapKit.framework */ = {isa = PBXFileReference; lastKnownFileType = wrapper.framework; name = MapKit.framework; path = System/Library/Frameworks/MapKit.framework; sourceTree = SDKROOT; };
		FBEE6B2E1B6C00CE0030A2A3 /* ariel.jpg */ = {isa = PBXFileReference; lastKnownFileType = image.jpeg; path = ariel.jpg; sourceTree = "<group>"; };
		FBEE6B2F1B6C00CE0030A2A3 /* asteroid_belt.png */ = {isa = PBXFileReference; lastKnownFileType = image.png; path = asteroid_belt.png; sourceTree = "<group>"; };
		FBEE6B301B6C00CE0030A2A3 /* atmosphere.jpg */ = {isa = PBXFileReference; lastKnownFileType = image.jpeg; path = atmosphere.jpg; sourceTree = "<group>"; };
		FBEE6B311B6C00CE0030A2A3 /* badges.txt */ = {isa = PBXFileReference; fileEncoding = 4; lastKnownFileType = text; path = badges.txt; sourceTree = "<group>"; };
		FBEE6B321B6C00CE0030A2A3 /* blue-btn.png */ = {isa = PBXFileReference; lastKnownFileType = image.png; path = "blue-btn.png"; sourceTree = "<group>"; };
		FBEE6B331B6C00CE0030A2A3 /* callisto.jpg */ = {isa = PBXFileReference; lastKnownFileType = image.jpeg; path = callisto.jpg; sourceTree = "<group>"; };
		FBEE6B341B6C00CE0030A2A3 /* ceres.jpg */ = {isa = PBXFileReference; lastKnownFileType = image.jpeg; path = ceres.jpg; sourceTree = "<group>"; };
		FBEE6B351B6C00CE0030A2A3 /* Default-568h@2x.png */ = {isa = PBXFileReference; lastKnownFileType = image.png; path = "Default-568h@2x.png"; sourceTree = "<group>"; };
		FBEE6B361B6C00CE0030A2A3 /* deimos.jpg */ = {isa = PBXFileReference; lastKnownFileType = image.jpeg; path = deimos.jpg; sourceTree = "<group>"; };
		FBEE6B371B6C00CE0030A2A3 /* dione.jpg */ = {isa = PBXFileReference; lastKnownFileType = image.jpeg; path = dione.jpg; sourceTree = "<group>"; };
		FBEE6B381B6C00CE0030A2A3 /* earth.jpg */ = {isa = PBXFileReference; lastKnownFileType = image.jpeg; path = earth.jpg; sourceTree = "<group>"; };
		FBEE6B391B6C00CE0030A2A3 /* enceladus.jpg */ = {isa = PBXFileReference; lastKnownFileType = image.jpeg; path = enceladus.jpg; sourceTree = "<group>"; };
		FBEE6B3A1B6C00CE0030A2A3 /* europa.jpg */ = {isa = PBXFileReference; lastKnownFileType = image.jpeg; path = europa.jpg; sourceTree = "<group>"; };
		FBEE6B3B1B6C00CE0030A2A3 /* ganymede.jpg */ = {isa = PBXFileReference; lastKnownFileType = image.jpeg; path = ganymede.jpg; sourceTree = "<group>"; };
		FBEE6B3C1B6C00CE0030A2A3 /* green-btn.png */ = {isa = PBXFileReference; lastKnownFileType = image.png; path = "green-btn.png"; sourceTree = "<group>"; };
		FBEE6B3D1B6C00CE0030A2A3 /* iapetus.jpg */ = {isa = PBXFileReference; lastKnownFileType = image.jpeg; path = iapetus.jpg; sourceTree = "<group>"; };
		FBEE6B3E1B6C00CE0030A2A3 /* Icon-App.png */ = {isa = PBXFileReference; lastKnownFileType = image.png; path = "Icon-App.png"; sourceTree = "<group>"; };
		FBEE6B3F1B6C00CE0030A2A3 /* Icon-Settings.png */ = {isa = PBXFileReference; lastKnownFileType = image.png; path = "Icon-Settings.png"; sourceTree = "<group>"; };
		FBEE6B401B6C00CE0030A2A3 /* Icon-Spotlight.png */ = {isa = PBXFileReference; lastKnownFileType = image.png; path = "Icon-Spotlight.png"; sourceTree = "<group>"; };
		FBEE6B411B6C00CE0030A2A3 /* info@2x.png */ = {isa = PBXFileReference; lastKnownFileType = image.png; path = "info@2x.png"; sourceTree = "<group>"; };
		FBEE6B421B6C00CE0030A2A3 /* interstellar_space.jpg */ = {isa = PBXFileReference; lastKnownFileType = image.jpeg; path = interstellar_space.jpg; sourceTree = "<group>"; };
		FBEE6B431B6C00CE0030A2A3 /* io.jpg */ = {isa = PBXFileReference; lastKnownFileType = image.jpeg; path = io.jpg; sourceTree = "<group>"; };
		FBEE6B441B6C00CE0030A2A3 /* kuiper_belt.png */ = {isa = PBXFileReference; lastKnownFileType = image.png; path = kuiper_belt.png; sourceTree = "<group>"; };
		FBEE6B451B6C00CE0030A2A3 /* magnetotail.png */ = {isa = PBXFileReference; lastKnownFileType = image.png; path = magnetotail.png; sourceTree = "<group>"; };
		FBEE6B461B6C00CE0030A2A3 /* mapPin@2x.png */ = {isa = PBXFileReference; lastKnownFileType = image.png; path = "mapPin@2x.png"; sourceTree = "<group>"; };
		FBEE6B471B6C00CE0030A2A3 /* mars.jpg */ = {isa = PBXFileReference; lastKnownFileType = image.jpeg; path = mars.jpg; sourceTree = "<group>"; };
		FBEE6B481B6C00CE0030A2A3 /* mimas.jpg */ = {isa = PBXFileReference; lastKnownFileType = image.jpeg; path = mimas.jpg; sourceTree = "<group>"; };
		FBEE6B491B6C00CE0030A2A3 /* miranda.jpg */ = {isa = PBXFileReference; lastKnownFileType = image.jpeg; path = miranda.jpg; sourceTree = "<group>"; };
		FBEE6B4A1B6C00CE0030A2A3 /* moon.jpg */ = {isa = PBXFileReference; lastKnownFileType = image.jpeg; path = moon.jpg; sourceTree = "<group>"; };
		FBEE6B4B1B6C00CE0030A2A3 /* oberon.jpg */ = {isa = PBXFileReference; lastKnownFileType = image.jpeg; path = oberon.jpg; sourceTree = "<group>"; };
		FBEE6B4C1B6C00CE0030A2A3 /* phobos.jpg */ = {isa = PBXFileReference; lastKnownFileType = image.jpeg; path = phobos.jpg; sourceTree = "<group>"; };
		FBEE6B4D1B6C00CE0030A2A3 /* pluto.jpg */ = {isa = PBXFileReference; lastKnownFileType = image.jpeg; path = pluto.jpg; sourceTree = "<group>"; };
		FBEE6B4E1B6C00CE0030A2A3 /* red-btn.png */ = {isa = PBXFileReference; lastKnownFileType = image.png; path = "red-btn.png"; sourceTree = "<group>"; };
		FBEE6B4F1B6C00CE0030A2A3 /* rhea.jpg */ = {isa = PBXFileReference; lastKnownFileType = image.jpeg; path = rhea.jpg; sourceTree = "<group>"; };
		FBEE6B501B6C00CE0030A2A3 /* saturn.jpg */ = {isa = PBXFileReference; lastKnownFileType = image.jpeg; path = saturn.jpg; sourceTree = "<group>"; };
		FBEE6B511B6C00CE0030A2A3 /* spaceship-gold.png */ = {isa = PBXFileReference; lastKnownFileType = image.png; path = "spaceship-gold.png"; sourceTree = "<group>"; };
		FBEE6B521B6C00CE0030A2A3 /* spaceship-silver.png */ = {isa = PBXFileReference; lastKnownFileType = image.png; path = "spaceship-silver.png"; sourceTree = "<group>"; };
		FBEE6B531B6C00CE0030A2A3 /* success.wav */ = {isa = PBXFileReference; lastKnownFileType = audio.wav; path = success.wav; sourceTree = "<group>"; };
		FBEE6B541B6C00CE0030A2A3 /* tethys.jpg */ = {isa = PBXFileReference; lastKnownFileType = image.jpeg; path = tethys.jpg; sourceTree = "<group>"; };
		FBEE6B551B6C00CE0030A2A3 /* titan.jpg */ = {isa = PBXFileReference; lastKnownFileType = image.jpeg; path = titan.jpg; sourceTree = "<group>"; };
		FBEE6B561B6C00CE0030A2A3 /* titania.jpg */ = {isa = PBXFileReference; lastKnownFileType = image.jpeg; path = titania.jpg; sourceTree = "<group>"; };
		FBEE6B571B6C00CE0030A2A3 /* triton.jpg */ = {isa = PBXFileReference; lastKnownFileType = image.jpeg; path = triton.jpg; sourceTree = "<group>"; };
		FBEE6B581B6C00CE0030A2A3 /* umbriel.jpg */ = {isa = PBXFileReference; lastKnownFileType = image.jpeg; path = umbriel.jpg; sourceTree = "<group>"; };
		FBEE6B841B6C0B830030A2A3 /* HomeViewController.h */ = {isa = PBXFileReference; fileEncoding = 4; lastKnownFileType = sourcecode.c.h; path = HomeViewController.h; sourceTree = "<group>"; };
		FBEE6B851B6C0B830030A2A3 /* HomeViewController.m */ = {isa = PBXFileReference; fileEncoding = 4; lastKnownFileType = sourcecode.c.objc; path = HomeViewController.m; sourceTree = "<group>"; };
		FBEE6B871B6C0BC10030A2A3 /* NewRunViewController.h */ = {isa = PBXFileReference; fileEncoding = 4; lastKnownFileType = sourcecode.c.h; path = NewRunViewController.h; sourceTree = "<group>"; };
		FBEE6B881B6C0BC10030A2A3 /* NewRunViewController.m */ = {isa = PBXFileReference; fileEncoding = 4; lastKnownFileType = sourcecode.c.objc; path = NewRunViewController.m; sourceTree = "<group>"; };
		FBEE6B8A1B6C0C670030A2A3 /* MapDetailViewController.h */ = {isa = PBXFileReference; fileEncoding = 4; lastKnownFileType = sourcecode.c.h; path = MapDetailViewController.h; sourceTree = "<group>"; };
		FBEE6B8B1B6C0C670030A2A3 /* MapDetailViewController.m */ = {isa = PBXFileReference; fileEncoding = 4; lastKnownFileType = sourcecode.c.objc; path = MapDetailViewController.m; sourceTree = "<group>"; };
/* End PBXFileReference section */

/* Begin PBXFrameworksBuildPhase section */
		FBEE6AF41B6BFDC90030A2A3 /* Frameworks */ = {
			isa = PBXFrameworksBuildPhase;
			buildActionMask = 2147483647;
			files = (
				FBEE6B2D1B6BFF860030A2A3 /* MapKit.framework in Frameworks */,
			);
			runOnlyForDeploymentPostprocessing = 0;
		};
		FBEE6B131B6BFDC90030A2A3 /* Frameworks */ = {
			isa = PBXFrameworksBuildPhase;
			buildActionMask = 2147483647;
			files = (
			);
			runOnlyForDeploymentPostprocessing = 0;
		};
/* End PBXFrameworksBuildPhase section */

/* Begin PBXGroup section */
		FB71FB371B751D650098650D /* Model */ = {
			isa = PBXGroup;
			children = (
				FBEE6B011B6BFDC90030A2A3 /* MoonRunner.xcdatamodeld */,
				FBEE6B291B6BFF0E0030A2A3 /* Location.h */,
				FBEE6B2A1B6BFF0E0030A2A3 /* Location.m */,
				FB71FB3C1B7555A00098650D /* Run.h */,
				FB71FB3D1B7555A00098650D /* Run.m */,
				FB71FB391B751DA60098650D /* MathController.h */,
				FB71FB3A1B751DA60098650D /* MathController.m */,
				FB71FB3F1B75C4880098650D /* MultiColorPolyline.h */,
				FB71FB401B75C4880098650D /* MultiColorPolyline.m */,
			);
			name = Model;
			sourceTree = "<group>";
		};
		FB71FB381B751D770098650D /* Controllers */ = {
			isa = PBXGroup;
			children = (
				FBEE6B841B6C0B830030A2A3 /* HomeViewController.h */,
				FBEE6B851B6C0B830030A2A3 /* HomeViewController.m */,
				FBEE6B871B6C0BC10030A2A3 /* NewRunViewController.h */,
				FBEE6B881B6C0BC10030A2A3 /* NewRunViewController.m */,
				FBEE6B8A1B6C0C670030A2A3 /* MapDetailViewController.h */,
				FBEE6B8B1B6C0C670030A2A3 /* MapDetailViewController.m */,
			);
			name = Controllers;
			sourceTree = "<group>";
		};
		FBEE6AEE1B6BFDC90030A2A3 = {
			isa = PBXGroup;
			children = (
				FBEE6B2C1B6BFF860030A2A3 /* MapKit.framework */,
				FBEE6AF91B6BFDC90030A2A3 /* MoonRunner */,
				FBEE6B191B6BFDC90030A2A3 /* MoonRunnerTests */,
				FBEE6AF81B6BFDC90030A2A3 /* Products */,
			);
			sourceTree = "<group>";
		};
		FBEE6AF81B6BFDC90030A2A3 /* Products */ = {
			isa = PBXGroup;
			children = (
				FBEE6AF71B6BFDC90030A2A3 /* MoonRunner.app */,
				FBEE6B161B6BFDC90030A2A3 /* MoonRunnerTests.xctest */,
			);
			name = Products;
			sourceTree = "<group>";
		};
		FBEE6AF91B6BFDC90030A2A3 /* MoonRunner */ = {
			isa = PBXGroup;
			children = (
				FBEE6AFE1B6BFDC90030A2A3 /* AppDelegate.h */,
				FBEE6AFF1B6BFDC90030A2A3 /* AppDelegate.m */,
				FB71FB371B751D650098650D /* Model */,
				FB71FB381B751D770098650D /* Controllers */,
				FBEE6B0A1B6BFDC90030A2A3 /* Main.storyboard */,
				FBEE6B0D1B6BFDC90030A2A3 /* Images.xcassets */,
				FBEE6B0F1B6BFDC90030A2A3 /* LaunchScreen.xib */,
				FBEE6AFA1B6BFDC90030A2A3 /* Supporting Files */,
			);
			path = MoonRunner;
			sourceTree = "<group>";
		};
		FBEE6AFA1B6BFDC90030A2A3 /* Supporting Files */ = {
			isa = PBXGroup;
			children = (
				FBEE6B2E1B6C00CE0030A2A3 /* ariel.jpg */,
				FBEE6B2F1B6C00CE0030A2A3 /* asteroid_belt.png */,
				FBEE6B301B6C00CE0030A2A3 /* atmosphere.jpg */,
				FBEE6B311B6C00CE0030A2A3 /* badges.txt */,
				FBEE6B321B6C00CE0030A2A3 /* blue-btn.png */,
				FBEE6B331B6C00CE0030A2A3 /* callisto.jpg */,
				FBEE6B341B6C00CE0030A2A3 /* ceres.jpg */,
				FBEE6B351B6C00CE0030A2A3 /* Default-568h@2x.png */,
				FBEE6B361B6C00CE0030A2A3 /* deimos.jpg */,
				FBEE6B371B6C00CE0030A2A3 /* dione.jpg */,
				FBEE6B381B6C00CE0030A2A3 /* earth.jpg */,
				FBEE6B391B6C00CE0030A2A3 /* enceladus.jpg */,
				FBEE6B3A1B6C00CE0030A2A3 /* europa.jpg */,
				FBEE6B3B1B6C00CE0030A2A3 /* ganymede.jpg */,
				FBEE6B3C1B6C00CE0030A2A3 /* green-btn.png */,
				FBEE6B3D1B6C00CE0030A2A3 /* iapetus.jpg */,
				FBEE6B3E1B6C00CE0030A2A3 /* Icon-App.png */,
				FBEE6B3F1B6C00CE0030A2A3 /* Icon-Settings.png */,
				FBEE6B401B6C00CE0030A2A3 /* Icon-Spotlight.png */,
				FBEE6B411B6C00CE0030A2A3 /* info@2x.png */,
				FBEE6B421B6C00CE0030A2A3 /* interstellar_space.jpg */,
				FBEE6B431B6C00CE0030A2A3 /* io.jpg */,
				FBEE6B441B6C00CE0030A2A3 /* kuiper_belt.png */,
				FBEE6B451B6C00CE0030A2A3 /* magnetotail.png */,
				FBEE6B461B6C00CE0030A2A3 /* mapPin@2x.png */,
				FBEE6B471B6C00CE0030A2A3 /* mars.jpg */,
				FBEE6B481B6C00CE0030A2A3 /* mimas.jpg */,
				FBEE6B491B6C00CE0030A2A3 /* miranda.jpg */,
				FBEE6B4A1B6C00CE0030A2A3 /* moon.jpg */,
				FBEE6B4B1B6C00CE0030A2A3 /* oberon.jpg */,
				FBEE6B4C1B6C00CE0030A2A3 /* phobos.jpg */,
				FBEE6B4D1B6C00CE0030A2A3 /* pluto.jpg */,
				FBEE6B4E1B6C00CE0030A2A3 /* red-btn.png */,
				FBEE6B4F1B6C00CE0030A2A3 /* rhea.jpg */,
				FBEE6B501B6C00CE0030A2A3 /* saturn.jpg */,
				FBEE6B511B6C00CE0030A2A3 /* spaceship-gold.png */,
				FBEE6B521B6C00CE0030A2A3 /* spaceship-silver.png */,
				FBEE6B531B6C00CE0030A2A3 /* success.wav */,
				FBEE6B541B6C00CE0030A2A3 /* tethys.jpg */,
				FBEE6B551B6C00CE0030A2A3 /* titan.jpg */,
				FBEE6B561B6C00CE0030A2A3 /* titania.jpg */,
				FBEE6B571B6C00CE0030A2A3 /* triton.jpg */,
				FBEE6B581B6C00CE0030A2A3 /* umbriel.jpg */,
				FBEE6AFB1B6BFDC90030A2A3 /* Info.plist */,
				FBEE6AFC1B6BFDC90030A2A3 /* main.m */,
			);
			name = "Supporting Files";
			sourceTree = "<group>";
		};
		FBEE6B191B6BFDC90030A2A3 /* MoonRunnerTests */ = {
			isa = PBXGroup;
			children = (
				FBEE6B1C1B6BFDC90030A2A3 /* MoonRunnerTests.m */,
				FBEE6B1A1B6BFDC90030A2A3 /* Supporting Files */,
			);
			path = MoonRunnerTests;
			sourceTree = "<group>";
		};
		FBEE6B1A1B6BFDC90030A2A3 /* Supporting Files */ = {
			isa = PBXGroup;
			children = (
				FBEE6B1B1B6BFDC90030A2A3 /* Info.plist */,
			);
			name = "Supporting Files";
			sourceTree = "<group>";
		};
/* End PBXGroup section */

/* Begin PBXNativeTarget section */
		FBEE6AF61B6BFDC90030A2A3 /* MoonRunner */ = {
			isa = PBXNativeTarget;
			buildConfigurationList = FBEE6B201B6BFDC90030A2A3 /* Build configuration list for PBXNativeTarget "MoonRunner" */;
			buildPhases = (
				FBEE6AF31B6BFDC90030A2A3 /* Sources */,
				FBEE6AF41B6BFDC90030A2A3 /* Frameworks */,
				FBEE6AF51B6BFDC90030A2A3 /* Resources */,
			);
			buildRules = (
			);
			dependencies = (
			);
			name = MoonRunner;
			productName = MoonRunner;
			productReference = FBEE6AF71B6BFDC90030A2A3 /* MoonRunner.app */;
			productType = "com.apple.product-type.application";
		};
		FBEE6B151B6BFDC90030A2A3 /* MoonRunnerTests */ = {
			isa = PBXNativeTarget;
			buildConfigurationList = FBEE6B231B6BFDC90030A2A3 /* Build configuration list for PBXNativeTarget "MoonRunnerTests" */;
			buildPhases = (
				FBEE6B121B6BFDC90030A2A3 /* Sources */,
				FBEE6B131B6BFDC90030A2A3 /* Frameworks */,
				FBEE6B141B6BFDC90030A2A3 /* Resources */,
			);
			buildRules = (
			);
			dependencies = (
				FBEE6B181B6BFDC90030A2A3 /* PBXTargetDependency */,
			);
			name = MoonRunnerTests;
			productName = MoonRunnerTests;
			productReference = FBEE6B161B6BFDC90030A2A3 /* MoonRunnerTests.xctest */;
			productType = "com.apple.product-type.bundle.unit-test";
		};
/* End PBXNativeTarget section */

/* Begin PBXProject section */
		FBEE6AEF1B6BFDC90030A2A3 /* Project object */ = {
			isa = PBXProject;
			attributes = {
				LastUpgradeCheck = 0630;
				ORGANIZATIONNAME = "Shannon Phu";
				TargetAttributes = {
					FBEE6AF61B6BFDC90030A2A3 = {
						CreatedOnToolsVersion = 6.3.2;
						SystemCapabilities = {
							com.apple.BackgroundModes = {
								enabled = 1;
							};
						};
					};
					FBEE6B151B6BFDC90030A2A3 = {
						CreatedOnToolsVersion = 6.3.2;
						TestTargetID = FBEE6AF61B6BFDC90030A2A3;
					};
				};
			};
			buildConfigurationList = FBEE6AF21B6BFDC90030A2A3 /* Build configuration list for PBXProject "MoonRunner" */;
			compatibilityVersion = "Xcode 3.2";
			developmentRegion = English;
			hasScannedForEncodings = 0;
			knownRegions = (
				en,
				Base,
			);
			mainGroup = FBEE6AEE1B6BFDC90030A2A3;
			productRefGroup = FBEE6AF81B6BFDC90030A2A3 /* Products */;
			projectDirPath = "";
			projectRoot = "";
			targets = (
				FBEE6AF61B6BFDC90030A2A3 /* MoonRunner */,
				FBEE6B151B6BFDC90030A2A3 /* MoonRunnerTests */,
			);
		};
/* End PBXProject section */

/* Begin PBXResourcesBuildPhase section */
		FBEE6AF51B6BFDC90030A2A3 /* Resources */ = {
			isa = PBXResourcesBuildPhase;
			buildActionMask = 2147483647;
			files = (
				FBEE6B6E1B6C00CE0030A2A3 /* io.jpg in Resources */,
				FBEE6B5F1B6C00CE0030A2A3 /* ceres.jpg in Resources */,
				FBEE6B771B6C00CE0030A2A3 /* phobos.jpg in Resources */,
				FBEE6B601B6C00CE0030A2A3 /* Default-568h@2x.png in Resources */,
				FBEE6B741B6C00CE0030A2A3 /* miranda.jpg in Resources */,
				FBEE6B5D1B6C00CE0030A2A3 /* blue-btn.png in Resources */,
				FBEE6B791B6C00CE0030A2A3 /* red-btn.png in Resources */,
				FBEE6B701B6C00CE0030A2A3 /* magnetotail.png in Resources */,
				FBEE6B7A1B6C00CE0030A2A3 /* rhea.jpg in Resources */,
				FBEE6B0C1B6BFDC90030A2A3 /* Main.storyboard in Resources */,
				FBEE6B5C1B6C00CE0030A2A3 /* badges.txt in Resources */,
				FBEE6B651B6C00CE0030A2A3 /* europa.jpg in Resources */,
				FBEE6B661B6C00CE0030A2A3 /* ganymede.jpg in Resources */,
				FBEE6B5B1B6C00CE0030A2A3 /* atmosphere.jpg in Resources */,
				FBEE6B591B6C00CE0030A2A3 /* ariel.jpg in Resources */,
				FBEE6B111B6BFDC90030A2A3 /* LaunchScreen.xib in Resources */,
				FBEE6B681B6C00CE0030A2A3 /* iapetus.jpg in Resources */,
				FBEE6B801B6C00CE0030A2A3 /* titan.jpg in Resources */,
				FBEE6B6B1B6C00CE0030A2A3 /* Icon-Spotlight.png in Resources */,
				FBEE6B671B6C00CE0030A2A3 /* green-btn.png in Resources */,
				FBEE6B811B6C00CE0030A2A3 /* titania.jpg in Resources */,
				FBEE6B821B6C00CE0030A2A3 /* triton.jpg in Resources */,
				FBEE6B751B6C00CE0030A2A3 /* moon.jpg in Resources */,
				FBEE6B5E1B6C00CE0030A2A3 /* callisto.jpg in Resources */,
				FBEE6B761B6C00CE0030A2A3 /* oberon.jpg in Resources */,
				FBEE6B7F1B6C00CE0030A2A3 /* tethys.jpg in Resources */,
				FBEE6B831B6C00CE0030A2A3 /* umbriel.jpg in Resources */,
				FBEE6B0E1B6BFDC90030A2A3 /* Images.xcassets in Resources */,
				FBEE6B631B6C00CE0030A2A3 /* earth.jpg in Resources */,
				FBEE6B641B6C00CE0030A2A3 /* enceladus.jpg in Resources */,
				FBEE6B6D1B6C00CE0030A2A3 /* interstellar_space.jpg in Resources */,
				FBEE6B611B6C00CE0030A2A3 /* deimos.jpg in Resources */,
				FBEE6B6A1B6C00CE0030A2A3 /* Icon-Settings.png in Resources */,
				FBEE6B621B6C00CE0030A2A3 /* dione.jpg in Resources */,
				FBEE6B731B6C00CE0030A2A3 /* mimas.jpg in Resources */,
				FBEE6B7E1B6C00CE0030A2A3 /* success.wav in Resources */,
				FBEE6B711B6C00CE0030A2A3 /* mapPin@2x.png in Resources */,
				FBEE6B7C1B6C00CE0030A2A3 /* spaceship-gold.png in Resources */,
				FBEE6B721B6C00CE0030A2A3 /* mars.jpg in Resources */,
				FBEE6B7D1B6C00CE0030A2A3 /* spaceship-silver.png in Resources */,
				FBEE6B691B6C00CE0030A2A3 /* Icon-App.png in Resources */,
				FBEE6B5A1B6C00CE0030A2A3 /* asteroid_belt.png in Resources */,
				FBEE6B781B6C00CE0030A2A3 /* pluto.jpg in Resources */,
				FBEE6B6F1B6C00CE0030A2A3 /* kuiper_belt.png in Resources */,
				FBEE6B7B1B6C00CE0030A2A3 /* saturn.jpg in Resources */,
				FBEE6B6C1B6C00CE0030A2A3 /* info@2x.png in Resources */,
			);
			runOnlyForDeploymentPostprocessing = 0;
		};
		FBEE6B141B6BFDC90030A2A3 /* Resources */ = {
			isa = PBXResourcesBuildPhase;
			buildActionMask = 2147483647;
			files = (
			);
			runOnlyForDeploymentPostprocessing = 0;
		};
/* End PBXResourcesBuildPhase section */

/* Begin PBXSourcesBuildPhase section */
		FBEE6AF31B6BFDC90030A2A3 /* Sources */ = {
			isa = PBXSourcesBuildPhase;
			buildActionMask = 2147483647;
			files = (
				FB71FB3E1B7555A00098650D /* Run.m in Sources */,
				FBEE6B2B1B6BFF0E0030A2A3 /* Location.m in Sources */,
				FBEE6B001B6BFDC90030A2A3 /* AppDelegate.m in Sources */,
				FB71FB411B75C4880098650D /* MultiColorPolyline.m in Sources */,
				FB71FB3B1B751DA60098650D /* MathController.m in Sources */,
				FBEE6B891B6C0BC10030A2A3 /* NewRunViewController.m in Sources */,
				FBEE6B8C1B6C0C670030A2A3 /* MapDetailViewController.m in Sources */,
				FBEE6B031B6BFDC90030A2A3 /* MoonRunner.xcdatamodeld in Sources */,
				FBEE6AFD1B6BFDC90030A2A3 /* main.m in Sources */,
				FBEE6B861B6C0B830030A2A3 /* HomeViewController.m in Sources */,
			);
			runOnlyForDeploymentPostprocessing = 0;
		};
		FBEE6B121B6BFDC90030A2A3 /* Sources */ = {
			isa = PBXSourcesBuildPhase;
			buildActionMask = 2147483647;
			files = (
				FBEE6B1D1B6BFDC90030A2A3 /* MoonRunnerTests.m in Sources */,
			);
			runOnlyForDeploymentPostprocessing = 0;
		};
/* End PBXSourcesBuildPhase section */

/* Begin PBXTargetDependency section */
		FBEE6B181B6BFDC90030A2A3 /* PBXTargetDependency */ = {
			isa = PBXTargetDependency;
			target = FBEE6AF61B6BFDC90030A2A3 /* MoonRunner */;
			targetProxy = FBEE6B171B6BFDC90030A2A3 /* PBXContainerItemProxy */;
		};
/* End PBXTargetDependency section */

/* Begin PBXVariantGroup section */
		FBEE6B0A1B6BFDC90030A2A3 /* Main.storyboard */ = {
			isa = PBXVariantGroup;
			children = (
				FBEE6B0B1B6BFDC90030A2A3 /* Base */,
			);
			name = Main.storyboard;
			sourceTree = "<group>";
		};
		FBEE6B0F1B6BFDC90030A2A3 /* LaunchScreen.xib */ = {
			isa = PBXVariantGroup;
			children = (
				FBEE6B101B6BFDC90030A2A3 /* Base */,
			);
			name = LaunchScreen.xib;
			sourceTree = "<group>";
		};
/* End PBXVariantGroup section */

/* Begin XCBuildConfiguration section */
		FBEE6B1E1B6BFDC90030A2A3 /* Debug */ = {
			isa = XCBuildConfiguration;
			buildSettings = {
				ALWAYS_SEARCH_USER_PATHS = NO;
				CLANG_CXX_LANGUAGE_STANDARD = "gnu++0x";
				CLANG_CXX_LIBRARY = "libc++";
				CLANG_ENABLE_MODULES = YES;
				CLANG_ENABLE_OBJC_ARC = YES;
				CLANG_WARN_BOOL_CONVERSION = YES;
				CLANG_WARN_CONSTANT_CONVERSION = YES;
				CLANG_WARN_DIRECT_OBJC_ISA_USAGE = YES_ERROR;
				CLANG_WARN_EMPTY_BODY = YES;
				CLANG_WARN_ENUM_CONVERSION = YES;
				CLANG_WARN_INT_CONVERSION = YES;
				CLANG_WARN_OBJC_ROOT_CLASS = YES_ERROR;
				CLANG_WARN_UNREACHABLE_CODE = YES;
				CLANG_WARN__DUPLICATE_METHOD_MATCH = YES;
				"CODE_SIGN_IDENTITY[sdk=iphoneos*]" = "iPhone Developer";
				COPY_PHASE_STRIP = NO;
				DEBUG_INFORMATION_FORMAT = "dwarf-with-dsym";
				ENABLE_STRICT_OBJC_MSGSEND = YES;
				GCC_C_LANGUAGE_STANDARD = gnu99;
				GCC_DYNAMIC_NO_PIC = NO;
				GCC_NO_COMMON_BLOCKS = YES;
				GCC_OPTIMIZATION_LEVEL = 0;
				GCC_PREPROCESSOR_DEFINITIONS = (
					"DEBUG=1",
					"$(inherited)",
				);
				GCC_SYMBOLS_PRIVATE_EXTERN = NO;
				GCC_WARN_64_TO_32_BIT_CONVERSION = YES;
				GCC_WARN_ABOUT_RETURN_TYPE = YES_ERROR;
				GCC_WARN_UNDECLARED_SELECTOR = YES;
				GCC_WARN_UNINITIALIZED_AUTOS = YES_AGGRESSIVE;
				GCC_WARN_UNUSED_FUNCTION = YES;
				GCC_WARN_UNUSED_VARIABLE = YES;
				IPHONEOS_DEPLOYMENT_TARGET = 8.3;
				MTL_ENABLE_DEBUG_INFO = YES;
				ONLY_ACTIVE_ARCH = YES;
				SDKROOT = iphoneos;
			};
			name = Debug;
		};
		FBEE6B1F1B6BFDC90030A2A3 /* Release */ = {
			isa = XCBuildConfiguration;
			buildSettings = {
				ALWAYS_SEARCH_USER_PATHS = NO;
				CLANG_CXX_LANGUAGE_STANDARD = "gnu++0x";
				CLANG_CXX_LIBRARY = "libc++";
				CLANG_ENABLE_MODULES = YES;
				CLANG_ENABLE_OBJC_ARC = YES;
				CLANG_WARN_BOOL_CONVERSION = YES;
				CLANG_WARN_CONSTANT_CONVERSION = YES;
				CLANG_WARN_DIRECT_OBJC_ISA_USAGE = YES_ERROR;
				CLANG_WARN_EMPTY_BODY = YES;
				CLANG_WARN_ENUM_CONVERSION = YES;
				CLANG_WARN_INT_CONVERSION = YES;
				CLANG_WARN_OBJC_ROOT_CLASS = YES_ERROR;
				CLANG_WARN_UNREACHABLE_CODE = YES;
				CLANG_WARN__DUPLICATE_METHOD_MATCH = YES;
				"CODE_SIGN_IDENTITY[sdk=iphoneos*]" = "iPhone Developer";
				COPY_PHASE_STRIP = NO;
				DEBUG_INFORMATION_FORMAT = "dwarf-with-dsym";
				ENABLE_NS_ASSERTIONS = NO;
				ENABLE_STRICT_OBJC_MSGSEND = YES;
				GCC_C_LANGUAGE_STANDARD = gnu99;
				GCC_NO_COMMON_BLOCKS = YES;
				GCC_WARN_64_TO_32_BIT_CONVERSION = YES;
				GCC_WARN_ABOUT_RETURN_TYPE = YES_ERROR;
				GCC_WARN_UNDECLARED_SELECTOR = YES;
				GCC_WARN_UNINITIALIZED_AUTOS = YES_AGGRESSIVE;
				GCC_WARN_UNUSED_FUNCTION = YES;
				GCC_WARN_UNUSED_VARIABLE = YES;
				IPHONEOS_DEPLOYMENT_TARGET = 8.3;
				MTL_ENABLE_DEBUG_INFO = NO;
				SDKROOT = iphoneos;
				VALIDATE_PRODUCT = YES;
			};
			name = Release;
		};
		FBEE6B211B6BFDC90030A2A3 /* Debug */ = {
			isa = XCBuildConfiguration;
			buildSettings = {
				ASSETCATALOG_COMPILER_APPICON_NAME = AppIcon;
				INFOPLIST_FILE = MoonRunner/Info.plist;
				LD_RUNPATH_SEARCH_PATHS = "$(inherited) @executable_path/Frameworks";
				PRODUCT_NAME = "$(TARGET_NAME)";
			};
			name = Debug;
		};
		FBEE6B221B6BFDC90030A2A3 /* Release */ = {
			isa = XCBuildConfiguration;
			buildSettings = {
				ASSETCATALOG_COMPILER_APPICON_NAME = AppIcon;
				INFOPLIST_FILE = MoonRunner/Info.plist;
				LD_RUNPATH_SEARCH_PATHS = "$(inherited) @executable_path/Frameworks";
				PRODUCT_NAME = "$(TARGET_NAME)";
			};
			name = Release;
		};
		FBEE6B241B6BFDC90030A2A3 /* Debug */ = {
			isa = XCBuildConfiguration;
			buildSettings = {
				BUNDLE_LOADER = "$(TEST_HOST)";
				FRAMEWORK_SEARCH_PATHS = (
					"$(SDKROOT)/Developer/Library/Frameworks",
					"$(inherited)",
				);
				GCC_PREPROCESSOR_DEFINITIONS = (
					"DEBUG=1",
					"$(inherited)",
				);
				INFOPLIST_FILE = MoonRunnerTests/Info.plist;
				LD_RUNPATH_SEARCH_PATHS = "$(inherited) @executable_path/Frameworks @loader_path/Frameworks";
				PRODUCT_NAME = "$(TARGET_NAME)";
				TEST_HOST = "$(BUILT_PRODUCTS_DIR)/MoonRunner.app/MoonRunner";
			};
			name = Debug;
		};
		FBEE6B251B6BFDC90030A2A3 /* Release */ = {
			isa = XCBuildConfiguration;
			buildSettings = {
				BUNDLE_LOADER = "$(TEST_HOST)";
				FRAMEWORK_SEARCH_PATHS = (
					"$(SDKROOT)/Developer/Library/Frameworks",
					"$(inherited)",
				);
				INFOPLIST_FILE = MoonRunnerTests/Info.plist;
				LD_RUNPATH_SEARCH_PATHS = "$(inherited) @executable_path/Frameworks @loader_path/Frameworks";
				PRODUCT_NAME = "$(TARGET_NAME)";
				TEST_HOST = "$(BUILT_PRODUCTS_DIR)/MoonRunner.app/MoonRunner";
			};
			name = Release;
		};
/* End XCBuildConfiguration section */

/* Begin XCConfigurationList section */
		FBEE6AF21B6BFDC90030A2A3 /* Build configuration list for PBXProject "MoonRunner" */ = {
			isa = XCConfigurationList;
			buildConfigurations = (
				FBEE6B1E1B6BFDC90030A2A3 /* Debug */,
				FBEE6B1F1B6BFDC90030A2A3 /* Release */,
			);
			defaultConfigurationIsVisible = 0;
			defaultConfigurationName = Release;
		};
		FBEE6B201B6BFDC90030A2A3 /* Build configuration list for PBXNativeTarget "MoonRunner" */ = {
			isa = XCConfigurationList;
			buildConfigurations = (
				FBEE6B211B6BFDC90030A2A3 /* Debug */,
				FBEE6B221B6BFDC90030A2A3 /* Release */,
			);
			defaultConfigurationIsVisible = 0;
			defaultConfigurationName = Release;
		};
		FBEE6B231B6BFDC90030A2A3 /* Build configuration list for PBXNativeTarget "MoonRunnerTests" */ = {
			isa = XCConfigurationList;
			buildConfigurations = (
				FBEE6B241B6BFDC90030A2A3 /* Debug */,
				FBEE6B251B6BFDC90030A2A3 /* Release */,
			);
			defaultConfigurationIsVisible = 0;
			defaultConfigurationName = Release;
		};
/* End XCConfigurationList section */

/* Begin XCVersionGroup section */
		FBEE6B011B6BFDC90030A2A3 /* MoonRunner.xcdatamodeld */ = {
			isa = XCVersionGroup;
			children = (
				FBEE6B021B6BFDC90030A2A3 /* MoonRunner.xcdatamodel */,
			);
			currentVersion = FBEE6B021B6BFDC90030A2A3 /* MoonRunner.xcdatamodel */;
			path = MoonRunner.xcdatamodeld;
			sourceTree = "<group>";
			versionGroupType = wrapper.xcdatamodel;
		};
/* End XCVersionGroup section */
	};
	rootObject = FBEE6AEF1B6BFDC90030A2A3 /* Project object */;
}
